
Microsoft Visual Studio Solution File, Format Version 12.00
# Visual Studio 2012
Project("{FAE04EC0-301F-11D3-BF4B-00C04F79EFBC}") = "GRM.Presentation", "GRM.Presentation\GRM.Presentation.csproj", "{9EEB5073-74B2-4016-9B9B-8776188CDCC6}"
EndProject
Project("{FAE04EC0-301F-11D3-BF4B-00C04F79EFBC}") = "GRM.Logic", "GRM.Logic\GRM.Logic.csproj", "{EECCD769-0176-494F-9988-CDB9B760E3B7}"
EndProject
Project("{FAE04EC0-301F-11D3-BF4B-00C04F79EFBC}") = "GRM.Logic.Tests", "GRM.Logic.Tests\GRM.Logic.Tests.csproj", "{CB4C7D18-96D9-4016-9903-37215D904603}"
EndProject
Project("{2150E333-8FDC-42A3-9474-1A3956D46DE8}") = ".nuget", ".nuget", "{E9B7C3F1-A12E-484B-93D6-6EA425076288}"
	ProjectSection(SolutionItems) = preProject
		.nuget\NuGet.Config = .nuget\NuGet.Config
		.nuget\NuGet.exe = .nuget\NuGet.exe
		.nuget\NuGet.targets = .nuget\NuGet.targets
	EndProjectSection
EndProject
Global
	GlobalSection(SolutionConfigurationPlatforms) = preSolution
		Debug|Any CPU = Debug|Any CPU
		Release|Any CPU = Release|Any CPU
	EndGlobalSection
	GlobalSection(ProjectConfigurationPlatforms) = postSolution
		{9EEB5073-74B2-4016-9B9B-8776188CDCC6}.Debug|Any CPU.ActiveCfg = Debug|Any CPU
		{9EEB5073-74B2-4016-9B9B-8776188CDCC6}.Debug|Any CPU.Build.0 = Debug|Any CPU
		{9EEB5073-74B2-4016-9B9B-8776188CDCC6}.Release|Any CPU.ActiveCfg = Release|Any CPU
		{9EEB5073-74B2-4016-9B9B-8776188CDCC6}.Release|Any CPU.Build.0 = Release|Any CPU
		{EECCD769-0176-494F-9988-CDB9B760E3B7}.Debug|Any CPU.ActiveCfg = Debug|Any CPU
		{EECCD769-0176-494F-9988-CDB9B760E3B7}.Debug|Any CPU.Build.0 = Debug|Any CPU
		{EECCD769-0176-494F-9988-CDB9B760E3B7}.Release|Any CPU.ActiveCfg = Release|Any CPU
		{EECCD769-0176-494F-9988-CDB9B760E3B7}.Release|Any CPU.Build.0 = Release|Any CPU
		{CB4C7D18-96D9-4016-9903-37215D904603}.Debug|Any CPU.ActiveCfg = Debug|Any CPU
		{CB4C7D18-96D9-4016-9903-37215D904603}.Debug|Any CPU.Build.0 = Debug|Any CPU
		{CB4C7D18-96D9-4016-9903-37215D904603}.Release|Any CPU.ActiveCfg = Release|Any CPU
		{CB4C7D18-96D9-4016-9903-37215D904603}.Release|Any CPU.Build.0 = Release|Any CPU
	EndGlobalSection
	GlobalSection(SolutionProperties) = preSolution
		HideSolutionNode = FALSE
	EndGlobalSection
EndGlobal
